
Microsoft Visual Studio Solution File, Format Version 12.00
# Visual Studio 14
VisualStudioVersion = 14.0.25420.1
MinimumVisualStudioVersion = 10.0.40219.1
Project("{2150E333-8FDC-42A3-9474-1A3956D46DE8}") = "src", "src", "{6E19E0CC-143F-4298-BD78-32B71DFFC475}"
EndProject
Project("{2150E333-8FDC-42A3-9474-1A3956D46DE8}") = "Solution Items", "Solution Items", "{824C4DD7-1FD2-463A-B3C2-80566AF9C76F}"
	ProjectSection(SolutionItems) = preProject
		global.json = global.json
	EndProjectSection
EndProject
Project("{8BB2217D-0F2D-49D1-97BC-3654ED321F3B}") = "ShoppingCartApp", "src\ShoppingCart\ShoppingCartApp.xproj", "{744B513B-5565-4F0D-9196-053F0F0A363C}"
EndProject
Global
	GlobalSection(SolutionConfigurationPlatforms) = preSolution
		Debug|Any CPU = Debug|Any CPU
		Release|Any CPU = Release|Any CPU
	EndGlobalSection
	GlobalSection(ProjectConfigurationPlatforms) = postSolution
		{744B513B-5565-4F0D-9196-053F0F0A363C}.Debug|Any CPU.ActiveCfg = Debug|Any CPU
		{744B513B-5565-4F0D-9196-053F0F0A363C}.Debug|Any CPU.Build.0 = Debug|Any CPU
		{744B513B-5565-4F0D-9196-053F0F0A363C}.Release|Any CPU.ActiveCfg = Release|Any CPU
		{744B513B-5565-4F0D-9196-053F0F0A363C}.Release|Any CPU.Build.0 = Release|Any CPU
	EndGlobalSection
	GlobalSection(SolutionProperties) = preSolution
		HideSolutionNode = FALSE
	EndGlobalSection
	GlobalSection(NestedProjects) = preSolution
		{744B513B-5565-4F0D-9196-053F0F0A363C} = {6E19E0CC-143F-4298-BD78-32B71DFFC475}
	EndGlobalSection
EndGlobal
